
Microsoft Visual Studio Solution File, Format Version 12.00
# Visual Studio 2012
Project("{FAE04EC0-301F-11D3-BF4B-00C04F79EFBC}") = "DemoPlayer", "DemoPlayer\DemoPlayer.csproj", "{0C757FFC-BCF2-4C48-BF4A-1EDA16A68CD8}"
EndProject
Project("{FAE04EC0-301F-11D3-BF4B-00C04F79EFBC}") = "DemoPlayer.Web", "DemoPlayer.Web\DemoPlayer.Web.csproj", "{EB2F458F-AE9A-40B6-BAA7-9A3A5C9864A3}"
EndProject
Global
	GlobalSection(SolutionConfigurationPlatforms) = preSolution
		Debug|Any CPU = Debug|Any CPU
		Release|Any CPU = Release|Any CPU
	EndGlobalSection
	GlobalSection(ProjectConfigurationPlatforms) = postSolution
		{0C757FFC-BCF2-4C48-BF4A-1EDA16A68CD8}.Debug|Any CPU.ActiveCfg = Debug|Any CPU
		{0C757FFC-BCF2-4C48-BF4A-1EDA16A68CD8}.Debug|Any CPU.Build.0 = Debug|Any CPU
		{0C757FFC-BCF2-4C48-BF4A-1EDA16A68CD8}.Release|Any CPU.ActiveCfg = Release|Any CPU
		{0C757FFC-BCF2-4C48-BF4A-1EDA16A68CD8}.Release|Any CPU.Build.0 = Release|Any CPU
		{EB2F458F-AE9A-40B6-BAA7-9A3A5C9864A3}.Debug|Any CPU.ActiveCfg = Debug|Any CPU
		{EB2F458F-AE9A-40B6-BAA7-9A3A5C9864A3}.Debug|Any CPU.Build.0 = Debug|Any CPU
		{EB2F458F-AE9A-40B6-BAA7-9A3A5C9864A3}.Release|Any CPU.ActiveCfg = Release|Any CPU
		{EB2F458F-AE9A-40B6-BAA7-9A3A5C9864A3}.Release|Any CPU.Build.0 = Release|Any CPU
	EndGlobalSection
	GlobalSection(SolutionProperties) = preSolution
		HideSolutionNode = FALSE
	EndGlobalSection
EndGlobal
